<?xml version="1.0" encoding="utf-8"?>
<Project ToolsVersion="4.0" xmlns="http://schemas.microsoft.com/developer/msbuild/2003">
  <ItemGroup>
    <Filter Include="Source Files">
      <UniqueIdentifier>{4FC737F1-C7A5-4376-A066-2A32D752A2FF}</UniqueIdentifier>
      <Extensions>cpp;c;cc;cxx;def;odl;idl;hpj;bat;asm;asmx</Extensions>
    </Filter>
    <Filter Include="Header Files">
      <UniqueIdentifier>{93995380-89BD-4b04-88EB-625FBE52EBFB}</UniqueIdentifier>
      <Extensions>h;hh;hpp;hxx;hm;inl;inc;xsd</Extensions>
    </Filter>
    <Filter Include="Header Files\System">
      <UniqueIdentifier>{4805230b-4a3a-440f-bf55-55ffa5a6ef7e}</UniqueIdentifier>
    </Filter>
    <Filter Include="Source Files\System">
      <UniqueIdentifier>{a925098f-43cf-4e65-bb1e-ed2feda25392}</UniqueIdentifier>
    </Filter>
    <Filter Include="Header Files\Scenes">
      <UniqueIdentifier>{78a745d6-6c4c-488c-b919-5b0c0358a803}</UniqueIdentifier>
    </Filter>
    <Filter Include="Source Files\Scenes">
      <UniqueIdentifier>{695a4965-d54d-4a6b-84f1-e4284d0216b1}</UniqueIdentifier>
    </Filter>
    <Filter Include="Header Files\Definitions">
      <UniqueIdentifier>{6c9afcdf-70fc-4639-93d8-0e5923a96023}</UniqueIdentifier>
    </Filter>
    <Filter Include="Header Files\Managers">
      <UniqueIdentifier>{0abb2909-5e06-4a6b-8881-b9c51a25d235}</UniqueIdentifier>
    </Filter>
    <Filter Include="Shaders">
      <UniqueIdentifier>{f9e8d06b-dd7b-438c-8366-5dabd553fb21}</UniqueIdentifier>
    </Filter>
    <Filter Include="Source Files\Managers">
      <UniqueIdentifier>{55ff1803-b508-4c65-8a47-c8baf70191eb}</UniqueIdentifier>
    </Filter>
  </ItemGroup>
  <ItemGroup>
    <FxCompile Include="Shaders\pUnlit.hlsl">
      <Filter>Shaders</Filter>
    </FxCompile>
    <FxCompile Include="Shaders\vInstanceUnlit.hlsl">
      <Filter>Shaders</Filter>
    </FxCompile>
    <FxCompile Include="Shaders\pBasic.hlsl">
      <Filter>Shaders</Filter>
    </FxCompile>
    <FxCompile Include="Shaders\vBasic.hlsl">
      <Filter>Shaders</Filter>
    </FxCompile>
    <FxCompile Include="SkyBoxPS.hlsl">
      <Filter>Shaders</Filter>
    </FxCompile>
    <FxCompile Include="SkyboxVS.hlsl">
      <Filter>Shaders</Filter>
    </FxCompile>
    <FxCompile Include="pReflection.hlsl">
      <Filter>Shaders</Filter>
    </FxCompile>
    <FxCompile Include="vReflection.hlsl">
      <Filter>Shaders</Filter>
    </FxCompile>
    <FxCompile Include="vBasicNormal.hlsl">
      <Filter>Shaders</Filter>
    </FxCompile>
    <FxCompile Include="pBasicNormal.hlsl">
      <Filter>Shaders</Filter>
    </FxCompile>
  </ItemGroup>
  <ItemGroup>
    <ClCompile Include="Mesh.cpp">
      <Filter>Source Files</Filter>
    </ClCompile>
    <ClCompile Include="GameEntity.cpp">
      <Filter>Source Files</Filter>
    </ClCompile>
    <ClCompile Include="Camera.cpp">
      <Filter>Source Files</Filter>
    </ClCompile>
    <ClCompile Include="Material.cpp">
      <Filter>Source Files</Filter>
    </ClCompile>
    <ClCompile Include="DXCore.cpp">
      <Filter>Source Files\System</Filter>
    </ClCompile>
    <ClCompile Include="SimpleShader.cpp">
      <Filter>Source Files\System</Filter>
    </ClCompile>
    <ClCompile Include="Main.cpp">
      <Filter>Source Files\System</Filter>
    </ClCompile>
    <ClCompile Include="MaterialManager.cpp">
      <Filter>Source Files\Managers</Filter>
    </ClCompile>
    <ClCompile Include="InputManager.cpp">
      <Filter>Source Files\Managers</Filter>
    </ClCompile>
    <ClCompile Include="MeshManager.cpp">
      <Filter>Source Files\Managers</Filter>
    </ClCompile>
    <ClCompile Include="ShaderManager.cpp">
      <Filter>Source Files\Managers</Filter>
    </ClCompile>
    <ClCompile Include="DefaultTestScene.cpp">
      <Filter>Source Files\Scenes</Filter>
    </ClCompile>
    <ClCompile Include="SkyboxTestScene.cpp">
      <Filter>Source Files\Scenes</Filter>
    </ClCompile>
    <ClCompile Include="GameplayScene.cpp">
      <Filter>Source Files\Scenes</Filter>
    </ClCompile>
    <ClCompile Include="Skybox.cpp">
      <Filter>Source Files</Filter>
    </ClCompile>
    <ClCompile Include="Player.cpp">
      <Filter>Source Files</Filter>
    </ClCompile>
    <ClCompile Include="TransperancyTestScene.cpp">
      <Filter>Source Files\Scenes</Filter>
    </ClCompile>
    <ClCompile Include="RenderManager.cpp">
      <Filter>Source Files\Managers</Filter>
    </ClCompile>
    <ClCompile Include="ReflectionTestScene.cpp">
      <Filter>Source Files\Scenes</Filter>
    </ClCompile>
    <ClCompile Include="NormalMapTestScene.cpp">
      <Filter>Source Files\Scenes</Filter>
    </ClCompile>
  </ItemGroup>
  <ItemGroup>
    <ClInclude Include="Mesh.h">
      <Filter>Header Files</Filter>
    </ClInclude>
    <ClInclude Include="GameEntity.h">
      <Filter>Header Files</Filter>
    </ClInclude>
    <ClInclude Include="Camera.h">
      <Filter>Header Files</Filter>
    </ClInclude>
    <ClInclude Include="Material.h">
      <Filter>Header Files</Filter>
    </ClInclude>
    <ClInclude Include="DXCore.h">
      <Filter>Header Files\System</Filter>
    </ClInclude>
    <ClInclude Include="Definitions.h">
      <Filter>Header Files\Definitions</Filter>
    </ClInclude>
    <ClInclude Include="Lights.h">
      <Filter>Header Files\Definitions</Filter>
    </ClInclude>
    <ClInclude Include="Vertex.h">
      <Filter>Header Files\Definitions</Filter>
    </ClInclude>
    <ClInclude Include="SimpleShader.h">
      <Filter>Header Files\System</Filter>
    </ClInclude>
    <ClInclude Include="InputManager.h">
      <Filter>Header Files\Managers</Filter>
    </ClInclude>
    <ClInclude Include="MaterialManager.h">
      <Filter>Header Files\Managers</Filter>
    </ClInclude>
    <ClInclude Include="MeshManager.h">
      <Filter>Header Files\Managers</Filter>
    </ClInclude>
    <ClInclude Include="ShaderManager.h">
      <Filter>Header Files\Managers</Filter>
    </ClInclude>
    <ClInclude Include="DefaultTestScene.h">
      <Filter>Header Files\Scenes</Filter>
    </ClInclude>
    <ClInclude Include="SkyboxTestScene.h">
      <Filter>Header Files\Scenes</Filter>
    </ClInclude>
    <ClInclude Include="GameplayScene.h">
      <Filter>Header Files\Scenes</Filter>
    </ClInclude>
    <ClInclude Include="Skybox.h">
      <Filter>Header Files</Filter>
    </ClInclude>
    <ClInclude Include="Player.h">
      <Filter>Header Files</Filter>
    </ClInclude>
    <ClInclude Include="TransperancyTestScene.h">
      <Filter>Header Files\Scenes</Filter>
    </ClInclude>
    <ClInclude Include="RenderManager.h">
      <Filter>Header Files\Managers</Filter>
    </ClInclude>
    <ClInclude Include="ReflectionTestScene.h">
      <Filter>Header Files\Scenes</Filter>
    </ClInclude>
    <ClInclude Include="NormalMapTestScene.h">
      <Filter>Header Files\Scenes</Filter>
    </ClInclude>
  </ItemGroup>
  <ItemGroup>
    <None Include="packages.config" />
  </ItemGroup>
</Project>